
Microsoft Visual Studio Solution File, Format Version 12.00
Project("{FAE04EC0-301F-11D3-BF4B-00C04F79EFBC}") = "Pents.ScreenHelper.Sharp", "Pents.ScreenHelper.Sharp\Pents.ScreenHelper.Sharp.csproj", "{0A5DF683-272D-4779-B4D7-74BB85DE5875}"
EndProject
Global
	GlobalSection(SolutionConfigurationPlatforms) = preSolution
		Debug|Any CPU = Debug|Any CPU
		Release|Any CPU = Release|Any CPU
	EndGlobalSection
	GlobalSection(ProjectConfigurationPlatforms) = postSolution
		{0A5DF683-272D-4779-B4D7-74BB85DE5875}.Debug|Any CPU.ActiveCfg = Debug|Any CPU
		{0A5DF683-272D-4779-B4D7-74BB85DE5875}.Debug|Any CPU.Build.0 = Debug|Any CPU
		{0A5DF683-272D-4779-B4D7-74BB85DE5875}.Release|Any CPU.ActiveCfg = Release|Any CPU
		{0A5DF683-272D-4779-B4D7-74BB85DE5875}.Release|Any CPU.Build.0 = Release|Any CPU
	EndGlobalSection
EndGlobal
